
Microsoft Visual Studio Solution File, Format Version 12.00
# Visual Studio Version 16
VisualStudioVersion = 16.0.30517.126
MinimumVisualStudioVersion = 10.0.40219.1
Project("{FAE04EC0-301F-11D3-BF4B-00C04F79EFBC}") = "BoxOffice", "BoxOffice\BoxOffice.csproj", "{81137FEA-BA44-4C89-8C41-242C91A72EC9}"
EndProject
Global
	GlobalSection(SolutionConfigurationPlatforms) = preSolution
		Debug|Any CPU = Debug|Any CPU
		Release|Any CPU = Release|Any CPU
	EndGlobalSection
	GlobalSection(ProjectConfigurationPlatforms) = postSolution
		{81137FEA-BA44-4C89-8C41-242C91A72EC9}.Debug|Any CPU.ActiveCfg = Debug|Any CPU
		{81137FEA-BA44-4C89-8C41-242C91A72EC9}.Debug|Any CPU.Build.0 = Debug|Any CPU
		{81137FEA-BA44-4C89-8C41-242C91A72EC9}.Release|Any CPU.ActiveCfg = Release|Any CPU
		{81137FEA-BA44-4C89-8C41-242C91A72EC9}.Release|Any CPU.Build.0 = Release|Any CPU
	EndGlobalSection
	GlobalSection(SolutionProperties) = preSolution
		HideSolutionNode = FALSE
	EndGlobalSection
	GlobalSection(ExtensibilityGlobals) = postSolution
		SolutionGuid = {A3B95C74-FFE9-47A9-B27E-85DE3CB34892}
	EndGlobalSection
EndGlobal
